
Microsoft Visual Studio Solution File, Format Version 12.00
# Visual Studio Version 16
VisualStudioVersion = 16.0.29102.190
MinimumVisualStudioVersion = 10.0.40219.1
Project("{FAE04EC0-301F-11D3-BF4B-00C04F79EFBC}") = "Katas", "Katas\Katas.csproj", "{65018B19-010A-4AAA-8178-777BEB637FA2}"
EndProject
Project("{FAE04EC0-301F-11D3-BF4B-00C04F79EFBC}") = "Katas.Tests", "Katas.Tests\Katas.Tests.csproj", "{8ADCEC86-C618-43C6-9F49-091DD6A4403C}"
EndProject
Global
	GlobalSection(SolutionConfigurationPlatforms) = preSolution
		Debug|Any CPU = Debug|Any CPU
		Release|Any CPU = Release|Any CPU
	EndGlobalSection
	GlobalSection(ProjectConfigurationPlatforms) = postSolution
		{65018B19-010A-4AAA-8178-777BEB637FA2}.Debug|Any CPU.ActiveCfg = Debug|Any CPU
		{65018B19-010A-4AAA-8178-777BEB637FA2}.Debug|Any CPU.Build.0 = Debug|Any CPU
		{65018B19-010A-4AAA-8178-777BEB637FA2}.Release|Any CPU.ActiveCfg = Release|Any CPU
		{65018B19-010A-4AAA-8178-777BEB637FA2}.Release|Any CPU.Build.0 = Release|Any CPU
		{8ADCEC86-C618-43C6-9F49-091DD6A4403C}.Debug|Any CPU.ActiveCfg = Debug|Any CPU
		{8ADCEC86-C618-43C6-9F49-091DD6A4403C}.Debug|Any CPU.Build.0 = Debug|Any CPU
		{8ADCEC86-C618-43C6-9F49-091DD6A4403C}.Release|Any CPU.ActiveCfg = Release|Any CPU
		{8ADCEC86-C618-43C6-9F49-091DD6A4403C}.Release|Any CPU.Build.0 = Release|Any CPU
	EndGlobalSection
	GlobalSection(SolutionProperties) = preSolution
		HideSolutionNode = FALSE
	EndGlobalSection
	GlobalSection(ExtensibilityGlobals) = postSolution
		SolutionGuid = {CEBBEFFA-C979-49A8-B2CC-8557BCF67559}
	EndGlobalSection
EndGlobal
